# THIS IS AN AUTOGENERATED FILE. DO NOT EDIT THIS FILE DIRECTLY.
# yarn lockfile v1

// This file is used to seed the yarn.lock file in newly created projects.
// It can be used to work around issues in new dependency versions that would otherwise
// both break new apps and the E2E tests in this repo.
//
// In @backstage/create-app this file is read directly from the repo, rather than from
// the published package. In the E2E tests it's instead loaded directly from the workspace.
// Lines starting with "//" are trimmed, so they can be used to add extra context to the entries.
//
// To add a new entry, run and commit the result:
//
//   yarn add-lock-seed <package> <query> <version>
//
// package: the name of the package, e.g. @testing-library/react
// query: the version query to pin the version for, e.g. ^14.0.0
// version: the version to pin to, must be in range of the query, e.g. 14.11.0

// Here to fix a postinstall breakage: https://github.com/swc-project/swc/issues/11129
"@swc/core@^1.3.46":
  version "1.11.31"
  resolved "https://registry.yarnpkg.com/@swc/core/-/core-1.11.31.tgz#e5de9ed005551ce9a16aa69e79935fc33065475c"
  integrity sha512-mAby9aUnKRjMEA7v8cVZS9Ah4duoRBnX7X6r5qrhTxErx+68MoY1TPrVwj/66/SWN3Bl+jijqAqoB8Qx0QE34A==

fast-xml-builder@*:
  version "1.0.0"
  resolved "https://registry.yarnpkg.com/fast-xml-builder/-/fast-xml-builder-1.0.0.tgz#a485d7e8381f1db983cf006f849d1066e2935241"
  integrity sha512-fpZuDogrAgnyt9oDDz+5DBz0zgPdPZz6D4IR7iESxRXElrlGTRkHJ9eEt+SACRJwT0FNFrt71DFQIUFBJfX/uQ==

"knex@npm:3":
  version "3.1.0"
  resolved "https://registry.yarnpkg.com/knex/-/knex-3.1.0.tgz#b6ddd5b5ad26a6315234a5b09ec38dc4a370bd8c"
  integrity sha512-GLoII6hR0c4ti243gMs5/1Rb3B+AjwMOfjYm97pu0FOQa7JH56hgBxYf5WK2525ceSbBY1cjeZ9yk99GPMB6Kw==

"knex@npm:^3.0.0":
  version "3.1.0"
  resolved "https://registry.yarnpkg.com/knex/-/knex-3.1.0.tgz#b6ddd5b5ad26a6315234a5b09ec38dc4a370bd8c"
  integrity sha512-GLoII6hR0c4ti243gMs5/1Rb3B+AjwMOfjYm97pu0FOQa7JH56hgBxYf5WK2525ceSbBY1cjeZ9yk99GPMB6Kw==

// @protobufjs/inquire@1.1.1 dropped the eval-based workaround that hid its
// dynamic require() from bundlers, which causes webpack/rspack to emit a
// "Critical dependency: the request of a dependency is an expression" warning
// that fails the build under CI=true. Pin to 1.1.0 until upstream is fixed.
// See https://github.com/protobufjs/protobuf.js/issues/2057
"@protobufjs/inquire@^1.1.0":
  version "1.1.0"
  resolved "https://registry.yarnpkg.com/@protobufjs/inquire/-/inquire-1.1.0.tgz#ff200e3e7cf2429e2dcafc1140828e8cc638f089"
  integrity sha512-kdSefcPdruJiFMVSbn801t4vFK7KB/5gd2fYvrxhuJYg8ILrmn9SKSX2tZdV6V+ksulWqS7aXjBcRXl3wHoD9Q==

// protobufjs@7.5.6 bumped its @protobufjs/inquire dependency to ^1.1.1, which
// would bypass the pin above. Pin protobufjs to 7.5.5 (the last version that
// requests inquire ^1.1.0) for all known workspace queries.
"protobufjs@^7.0.0":
  version "7.5.5"
  resolved "https://registry.yarnpkg.com/protobufjs/-/protobufjs-7.5.5.tgz#b7089ca4410374c75150baf277353ef76db69f96"
  integrity sha512-3wY1AxV+VBNW8Yypfd1yQY9pXnqTAN+KwQxL8iYm3/BjKYMNg4i0owhEe26PWDOMaIrzeeF98Lqd5NGz4omiIg==

"protobufjs@^7.2.5":
  version "7.5.5"
  resolved "https://registry.yarnpkg.com/protobufjs/-/protobufjs-7.5.5.tgz#b7089ca4410374c75150baf277353ef76db69f96"
  integrity sha512-3wY1AxV+VBNW8Yypfd1yQY9pXnqTAN+KwQxL8iYm3/BjKYMNg4i0owhEe26PWDOMaIrzeeF98Lqd5NGz4omiIg==

"protobufjs@^7.2.6":
  version "7.5.5"
  resolved "https://registry.yarnpkg.com/protobufjs/-/protobufjs-7.5.5.tgz#b7089ca4410374c75150baf277353ef76db69f96"
  integrity sha512-3wY1AxV+VBNW8Yypfd1yQY9pXnqTAN+KwQxL8iYm3/BjKYMNg4i0owhEe26PWDOMaIrzeeF98Lqd5NGz4omiIg==

"protobufjs@^7.3.2":
  version "7.5.5"
  resolved "https://registry.yarnpkg.com/protobufjs/-/protobufjs-7.5.5.tgz#b7089ca4410374c75150baf277353ef76db69f96"
  integrity sha512-3wY1AxV+VBNW8Yypfd1yQY9pXnqTAN+KwQxL8iYm3/BjKYMNg4i0owhEe26PWDOMaIrzeeF98Lqd5NGz4omiIg==

"protobufjs@^7.4.0":
  version "7.5.5"
  resolved "https://registry.yarnpkg.com/protobufjs/-/protobufjs-7.5.5.tgz#b7089ca4410374c75150baf277353ef76db69f96"
  integrity sha512-3wY1AxV+VBNW8Yypfd1yQY9pXnqTAN+KwQxL8iYm3/BjKYMNg4i0owhEe26PWDOMaIrzeeF98Lqd5NGz4omiIg==

"protobufjs@^7.5.3":
  version "7.5.5"
  resolved "https://registry.yarnpkg.com/protobufjs/-/protobufjs-7.5.5.tgz#b7089ca4410374c75150baf277353ef76db69f96"
  integrity sha512-3wY1AxV+VBNW8Yypfd1yQY9pXnqTAN+KwQxL8iYm3/BjKYMNg4i0owhEe26PWDOMaIrzeeF98Lqd5NGz4omiIg==
