# THIS IS AN AUTOGENERATED FILE. DO NOT EDIT THIS FILE DIRECTLY.
# yarn lockfile v1

// This file is used to seed the yarn.lock file in newly created projects.
// It can be used to work around issues in new dependency versions that would otherwise
// both break new apps and the E2E tests in this repo.
//
// In @backstage/create-app this file is read directly from the repo, rather than from
// the published package. In the E2E tests it's instead loaded directly from the workspace.
// Lines starting with "//" are trimmed, so they can be used to add extra context to the entries.
//
// To add a new entry, run and commit the result:
//
//   yarn add-lock-seed <package> <query> <version>
//
// package: the name of the package, e.g. @testing-library/react
// query: the version query to pin the version for, e.g. ^14.0.0
// version: the version to pin to, must be in range of the query, e.g. 14.11.0

"@google-cloud/storage@^7.0.0":
  version "7.14.0"
  resolved "https://registry.yarnpkg.com/@google-cloud/storage/-/storage-7.14.0.tgz#eda9715f68507949214af804c906eba6d168a214"
  integrity sha512-H41bPL2cMfSi4EEnFzKvg7XSb7T67ocSXrmF7MPjfgFB0L6CKGzfIYJheAZi1iqXjz6XaCT1OBf6HCG5vDBTOQ==

"@octokit/types@npm:^13.0.0":
  version "13.6.2"
  resolved "https://registry.yarnpkg.com/@octokit/types/-/types-13.6.2.tgz#e10fc4d2bdd65d836d1ced223b03ad4cfdb525bd"
  integrity sha512-WpbZfZUcZU77DrSW4wbsSgTPfKcp286q3ItaIgvSbBpZJlu6mnYXAkjZz6LVZPXkEvLIM8McanyZejKTYUHipA==

"@octokit/types@npm:^13.1.0":
  version "13.6.2"
  resolved "https://registry.yarnpkg.com/@octokit/types/-/types-13.6.2.tgz#e10fc4d2bdd65d836d1ced223b03ad4cfdb525bd"
  integrity sha512-WpbZfZUcZU77DrSW4wbsSgTPfKcp286q3ItaIgvSbBpZJlu6mnYXAkjZz6LVZPXkEvLIM8McanyZejKTYUHipA==

"@octokit/types@npm:^13.5.0":
  version "13.6.2"
  resolved "https://registry.yarnpkg.com/@octokit/types/-/types-13.6.2.tgz#e10fc4d2bdd65d836d1ced223b03ad4cfdb525bd"
  integrity sha512-WpbZfZUcZU77DrSW4wbsSgTPfKcp286q3ItaIgvSbBpZJlu6mnYXAkjZz6LVZPXkEvLIM8McanyZejKTYUHipA==

"@octokit/openapi-types@^22.2.0":
  version "22.2.0"
  resolved "https://registry.yarnpkg.com/@octokit/openapi-types/-/openapi-types-22.2.0.tgz#75aa7dcd440821d99def6a60b5f014207ae4968e"
  integrity sha512-QBhVjcUa9W7Wwhm6DBFu6ZZ+1/t/oYxqc2tp81Pi41YNuJinbFRx8B133qVOrAaBbF7D/m0Et6f9/pZt9Rc+tg==
