{
  "name": "plugin-test-backend-dynamic",
  "version": "0.0.0",
  "lockfileVersion": 3,
  "requires": true,
  "packages": {
    "": {
      "name": "plugin-test-backend-dynamic",
      "version": "0.0.0",
      "bundleDependencies": [
        "private-dep-with-frontend-plugin-index-path"
      ],
      "dependencies": {
        "private-dep-with-frontend-plugin-index-path": "0.0.0"
      }
    },
    "node_modules/private-dep-with-frontend-plugin-index-path": {
      "version": "0.0.0",
      "inBundle": true
    }
  }
}
